
Microsoft Visual Studio Solution File, Format Version 12.00
# Visual Studio 15
VisualStudioVersion = 15.0.27004.2009
MinimumVisualStudioVersion = 10.0.40219.1
Project("{888888A0-9F3D-457C-B088-3A5042F75D52}") = "Python", "Python.pyproj", "{E210C11B-CA6D-43AF-AEF2-443A71CEC23D}"
EndProject
Global
	GlobalSection(SolutionConfigurationPlatforms) = preSolution
		Debug|Any CPU = Debug|Any CPU
		Release|Any CPU = Release|Any CPU
	EndGlobalSection
	GlobalSection(ProjectConfigurationPlatforms) = postSolution
		{E210C11B-CA6D-43AF-AEF2-443A71CEC23D}.Debug|Any CPU.ActiveCfg = Debug|Any CPU
		{E210C11B-CA6D-43AF-AEF2-443A71CEC23D}.Release|Any CPU.ActiveCfg = Release|Any CPU
	EndGlobalSection
	GlobalSection(SolutionProperties) = preSolution
		HideSolutionNode = FALSE
	EndGlobalSection
	GlobalSection(ExtensibilityGlobals) = postSolution
		SolutionGuid = {7D2F12CB-D064-430D-A515-E25EF39FCBAD}
	EndGlobalSection
EndGlobal
